
Microsoft Visual Studio Solution File, Format Version 12.00
# Visual Studio Version 17
VisualStudioVersion = 17.10.35027.167
MinimumVisualStudioVersion = 10.0.40219.1
Project("{FAE04EC0-301F-11D3-BF4B-00C04F79EFBC}") = "PatikafyMusicPlatform", "PatikafyMusicPlatform\PatikafyMusicPlatform.csproj", "{D8C8BF0D-3736-47A9-BBEE-6993E7E75765}"
EndProject
Global
	GlobalSection(SolutionConfigurationPlatforms) = preSolution
		Debug|Any CPU = Debug|Any CPU
		Release|Any CPU = Release|Any CPU
	EndGlobalSection
	GlobalSection(ProjectConfigurationPlatforms) = postSolution
		{D8C8BF0D-3736-47A9-BBEE-6993E7E75765}.Debug|Any CPU.ActiveCfg = Debug|Any CPU
		{D8C8BF0D-3736-47A9-BBEE-6993E7E75765}.Debug|Any CPU.Build.0 = Debug|Any CPU
		{D8C8BF0D-3736-47A9-BBEE-6993E7E75765}.Release|Any CPU.ActiveCfg = Release|Any CPU
		{D8C8BF0D-3736-47A9-BBEE-6993E7E75765}.Release|Any CPU.Build.0 = Release|Any CPU
	EndGlobalSection
	GlobalSection(SolutionProperties) = preSolution
		HideSolutionNode = FALSE
	EndGlobalSection
	GlobalSection(ExtensibilityGlobals) = postSolution
		SolutionGuid = {323A5FEE-C84A-4724-A497-603F5B9269A3}
	EndGlobalSection
EndGlobal
